
Microsoft Visual Studio Solution File, Format Version 12.00
# Visual Studio Version 16
VisualStudioVersion = 16.0.31424.327
MinimumVisualStudioVersion = 10.0.40219.1
Project("{FAE04EC0-301F-11D3-BF4B-00C04F79EFBC}") = "Sets", "Sets\Sets.csproj", "{FEFCAE76-6AF7-4D2A-952F-F5FDD91FF9AD}"
EndProject
Global
	GlobalSection(SolutionConfigurationPlatforms) = preSolution
		Debug|Any CPU = Debug|Any CPU
		Release|Any CPU = Release|Any CPU
	EndGlobalSection
	GlobalSection(ProjectConfigurationPlatforms) = postSolution
		{FEFCAE76-6AF7-4D2A-952F-F5FDD91FF9AD}.Debug|Any CPU.ActiveCfg = Debug|Any CPU
		{FEFCAE76-6AF7-4D2A-952F-F5FDD91FF9AD}.Debug|Any CPU.Build.0 = Debug|Any CPU
		{FEFCAE76-6AF7-4D2A-952F-F5FDD91FF9AD}.Release|Any CPU.ActiveCfg = Release|Any CPU
		{FEFCAE76-6AF7-4D2A-952F-F5FDD91FF9AD}.Release|Any CPU.Build.0 = Release|Any CPU
	EndGlobalSection
	GlobalSection(SolutionProperties) = preSolution
		HideSolutionNode = FALSE
	EndGlobalSection
	GlobalSection(ExtensibilityGlobals) = postSolution
		SolutionGuid = {E721686F-233E-4BB9-B8A4-B24676BB5AB1}
	EndGlobalSection
EndGlobal
